
Microsoft Visual Studio Solution File, Format Version 12.00
# Visual Studio Version 17
VisualStudioVersion = 17.12.35527.113 d17.12
MinimumVisualStudioVersion = 10.0.40219.1
Project("{FAE04EC0-301F-11D3-BF4B-00C04F79EFBC}") = "zadanie 4", "zadanie 4\zadanie 4.csproj", "{8AC5328C-3A20-489E-9034-F44BBCC3F801}"
EndProject
Project("{FAE04EC0-301F-11D3-BF4B-00C04F79EFBC}") = "zadanie 5", "zadanie 5\zadanie 5.csproj", "{A5DF4AC0-6CED-41C9-8B18-0A753500BF09}"
EndProject
Project("{FAE04EC0-301F-11D3-BF4B-00C04F79EFBC}") = "zadanie 6", "zadanie 6\zadanie 6.csproj", "{9EF761C0-01C0-45E6-8CE5-617162EE2249}"
EndProject
Project("{FAE04EC0-301F-11D3-BF4B-00C04F79EFBC}") = "zadanie 7", "zadanie 7\zadanie 7.csproj", "{A1AA2470-96D5-46F8-98A0-C9FD28FF1187}"
EndProject
Global
	GlobalSection(SolutionConfigurationPlatforms) = preSolution
		Debug|Any CPU = Debug|Any CPU
		Release|Any CPU = Release|Any CPU
	EndGlobalSection
	GlobalSection(ProjectConfigurationPlatforms) = postSolution
		{8AC5328C-3A20-489E-9034-F44BBCC3F801}.Debug|Any CPU.ActiveCfg = Debug|Any CPU
		{8AC5328C-3A20-489E-9034-F44BBCC3F801}.Debug|Any CPU.Build.0 = Debug|Any CPU
		{8AC5328C-3A20-489E-9034-F44BBCC3F801}.Release|Any CPU.ActiveCfg = Release|Any CPU
		{8AC5328C-3A20-489E-9034-F44BBCC3F801}.Release|Any CPU.Build.0 = Release|Any CPU
		{A5DF4AC0-6CED-41C9-8B18-0A753500BF09}.Debug|Any CPU.ActiveCfg = Debug|Any CPU
		{A5DF4AC0-6CED-41C9-8B18-0A753500BF09}.Debug|Any CPU.Build.0 = Debug|Any CPU
		{A5DF4AC0-6CED-41C9-8B18-0A753500BF09}.Release|Any CPU.ActiveCfg = Release|Any CPU
		{A5DF4AC0-6CED-41C9-8B18-0A753500BF09}.Release|Any CPU.Build.0 = Release|Any CPU
		{9EF761C0-01C0-45E6-8CE5-617162EE2249}.Debug|Any CPU.ActiveCfg = Debug|Any CPU
		{9EF761C0-01C0-45E6-8CE5-617162EE2249}.Debug|Any CPU.Build.0 = Debug|Any CPU
		{9EF761C0-01C0-45E6-8CE5-617162EE2249}.Release|Any CPU.ActiveCfg = Release|Any CPU
		{9EF761C0-01C0-45E6-8CE5-617162EE2249}.Release|Any CPU.Build.0 = Release|Any CPU
		{A1AA2470-96D5-46F8-98A0-C9FD28FF1187}.Debug|Any CPU.ActiveCfg = Debug|Any CPU
		{A1AA2470-96D5-46F8-98A0-C9FD28FF1187}.Debug|Any CPU.Build.0 = Debug|Any CPU
		{A1AA2470-96D5-46F8-98A0-C9FD28FF1187}.Release|Any CPU.ActiveCfg = Release|Any CPU
		{A1AA2470-96D5-46F8-98A0-C9FD28FF1187}.Release|Any CPU.Build.0 = Release|Any CPU
	EndGlobalSection
	GlobalSection(SolutionProperties) = preSolution
		HideSolutionNode = FALSE
	EndGlobalSection
EndGlobal
